{
  "name": "local-meeting-notes",
  "version": "0.4.0",
  "lockfileVersion": 3,
  "requires": true,
  "packages": {
    "": {
      "name": "local-meeting-notes",
      "version": "0.4.0",
      "devDependencies": {
        "@native-sdk/cli": "0.6.1"
      }
    },
    "node_modules/@native-sdk/cli": {
      "version": "0.6.1",
      "resolved": "https://registry.npmjs.org/@native-sdk/cli/-/cli-0.6.1.tgz",
      "integrity": "sha512-h3vjnByYawJB7JzG8vW/X5xG8wn7ya/KY72sc1rusPwdzZkbGxpXPVbQxVE7v+0bNFyC6+ZWDAMoJz9RdgoGCQ==",
      "dev": true,
      "license": "Apache-2.0",
      "dependencies": {
        "@typescript/old": "npm:typescript@6.0.3",
        "@typescript/typescript6": "6.0.2"
      },
      "bin": {
        "native": "bin/native.js"
      },
      "optionalDependencies": {
        "@native-sdk/cli-darwin-arm64": "0.6.1",
        "@native-sdk/cli-darwin-x64": "0.6.1",
        "@native-sdk/cli-linux-arm64-gnu": "0.6.1",
        "@native-sdk/cli-linux-arm64-musl": "0.6.1",
        "@native-sdk/cli-linux-x64-gnu": "0.6.1",
        "@native-sdk/cli-linux-x64-musl": "0.6.1",
        "@native-sdk/cli-win32-arm64": "0.6.1",
        "@native-sdk/cli-win32-x64": "0.6.1"
      }
    },
    "node_modules/@native-sdk/cli-darwin-arm64": {
      "version": "0.6.1",
      "resolved": "https://registry.npmjs.org/@native-sdk/cli-darwin-arm64/-/cli-darwin-arm64-0.6.1.tgz",
      "integrity": "sha512-A8JL1BG5/ucGbpMECR2Lsz/GW6a1Cr8j0MIUBXpd1/AWIG/LWu/e6VynsJyhVqPKc5kyAidk9POSUeZnBijBbw==",
      "cpu": [
        "arm64"
      ],
      "dev": true,
      "license": "Apache-2.0",
      "optional": true,
      "os": [
        "darwin"
      ]
    },
    "node_modules/@native-sdk/cli-darwin-x64": {
      "version": "0.6.1",
      "resolved": "https://registry.npmjs.org/@native-sdk/cli-darwin-x64/-/cli-darwin-x64-0.6.1.tgz",
      "integrity": "sha512-Z/o0X9ducfjsdEof+E9woHprO2qQxD0/waY0q0EgawTg0IHA4mpb+KVh4Crdug9YoGxOHz4AKLtCZNySF1IAyQ==",
      "cpu": [
        "x64"
      ],
      "dev": true,
      "license": "Apache-2.0",
      "optional": true,
      "os": [
        "darwin"
      ]
    },
    "node_modules/@native-sdk/cli-linux-arm64-gnu": {
      "version": "0.6.1",
      "resolved": "https://registry.npmjs.org/@native-sdk/cli-linux-arm64-gnu/-/cli-linux-arm64-gnu-0.6.1.tgz",
      "integrity": "sha512-vJddAFBnnEi6LrCgxi/LaCDhwbYRHh7YR93DYk2X0On8fz2u6XyNXv0QZFox9JCj1d2ThVvx2te6mi0haPfpNw==",
      "cpu": [
        "arm64"
      ],
      "dev": true,
      "libc": [
        "glibc"
      ],
      "license": "Apache-2.0",
      "optional": true,
      "os": [
        "linux"
      ]
    },
    "node_modules/@native-sdk/cli-linux-arm64-musl": {
      "version": "0.6.1",
      "resolved": "https://registry.npmjs.org/@native-sdk/cli-linux-arm64-musl/-/cli-linux-arm64-musl-0.6.1.tgz",
      "integrity": "sha512-Z94/2F2Wsxw4Ux/oFyRYSSIoCQN5JaqM2bubwL5lKv/MxCWZbM5wU73RWCad6z6FmVEZiTEKi5lLjZJ9LqdWYw==",
      "cpu": [
        "arm64"
      ],
      "dev": true,
      "libc": [
        "musl"
      ],
      "license": "Apache-2.0",
      "optional": true,
      "os": [
        "linux"
      ]
    },
    "node_modules/@native-sdk/cli-linux-x64-gnu": {
      "version": "0.6.1",
      "resolved": "https://registry.npmjs.org/@native-sdk/cli-linux-x64-gnu/-/cli-linux-x64-gnu-0.6.1.tgz",
      "integrity": "sha512-mDASH0raODWkFkc8D9wa34eFUjrTMzdYmZ3iCX0rgDQ6ythTeiHRnsS1ZLoHtxo3qhoAuaJ02L/qChVsmvCr4w==",
      "cpu": [
        "x64"
      ],
      "dev": true,
      "libc": [
        "glibc"
      ],
      "license": "Apache-2.0",
      "optional": true,
      "os": [
        "linux"
      ]
    },
    "node_modules/@native-sdk/cli-linux-x64-musl": {
      "version": "0.6.1",
      "resolved": "https://registry.npmjs.org/@native-sdk/cli-linux-x64-musl/-/cli-linux-x64-musl-0.6.1.tgz",
      "integrity": "sha512-hGivvD6V+FPwz5eJcfcsIR0hT6wZe+NXGtjGSab5rtM/y3i1xHkO7DfM1aFejVJ//pRdIV6ELzC/zr4wKPHAMw==",
      "cpu": [
        "x64"
      ],
      "dev": true,
      "libc": [
        "musl"
      ],
      "license": "Apache-2.0",
      "optional": true,
      "os": [
        "linux"
      ]
    },
    "node_modules/@native-sdk/cli-win32-arm64": {
      "version": "0.6.1",
      "resolved": "https://registry.npmjs.org/@native-sdk/cli-win32-arm64/-/cli-win32-arm64-0.6.1.tgz",
      "integrity": "sha512-Cvhx53v0TKW/fCowNSEQezGZEer3p9md9faRm8cKOv9LaOa5xyF0832bh7xQNxAottzi5ZSYJc4W68rgOYG+HQ==",
      "cpu": [
        "arm64"
      ],
      "dev": true,
      "license": "Apache-2.0",
      "optional": true,
      "os": [
        "win32"
      ]
    },
    "node_modules/@native-sdk/cli-win32-x64": {
      "version": "0.6.1",
      "resolved": "https://registry.npmjs.org/@native-sdk/cli-win32-x64/-/cli-win32-x64-0.6.1.tgz",
      "integrity": "sha512-awUlB7JCDqF7twtf6l2DARIShOfHiaUXYOelFe55xeK4mckout50Ohk2bRlmLGb96rgzV93QBHQ91MLquZm1xg==",
      "cpu": [
        "x64"
      ],
      "dev": true,
      "license": "Apache-2.0",
      "optional": true,
      "os": [
        "win32"
      ]
    },
    "node_modules/@typescript/old": {
      "name": "typescript",
      "version": "6.0.3",
      "resolved": "https://registry.npmjs.org/typescript/-/typescript-6.0.3.tgz",
      "integrity": "sha512-y2TvuxSZPDyQakkFRPZHKFm+KKVqIisdg9/CZwm9ftvKXLP8NRWj38/ODjNbr43SsoXqNuAisEf1GdCxqWcdBw==",
      "dev": true,
      "license": "Apache-2.0",
      "bin": {
        "tsc": "bin/tsc",
        "tsserver": "bin/tsserver"
      },
      "engines": {
        "node": ">=14.17"
      }
    },
    "node_modules/@typescript/typescript6": {
      "version": "6.0.2",
      "resolved": "https://registry.npmjs.org/@typescript/typescript6/-/typescript6-6.0.2.tgz",
      "integrity": "sha512-mbCddXd+jm7hfx7w2YU64/Av4/NqqeG3GoRZgxPcgoTxYjhrcfJRw9ULch71SS4G+Q3bOXFhRvPqjguN0Hyp5w==",
      "dev": true,
      "license": "Apache-2.0",
      "dependencies": {
        "@typescript/old": "npm:typescript@^6"
      },
      "bin": {
        "tsc6": "bin/tsc6"
      }
    }
  }
}
