{
  "name": "flow-dictation",
  "version": "0.1.0",
  "lockfileVersion": 3,
  "requires": true,
  "packages": {
    "": {
      "name": "flow-dictation",
      "version": "0.1.0",
      "devDependencies": {
        "@native-sdk/cli": "0.7.2"
      }
    },
    "node_modules/@native-sdk/cli": {
      "version": "0.7.2",
      "resolved": "https://registry.npmjs.org/@native-sdk/cli/-/cli-0.7.2.tgz",
      "integrity": "sha512-e/DnBeGm1qxHJJjQBoVy8Z2WJchS89caSb1He5yVSuLhdAKEgtjQMw7wOmHeC2Kej4PRitOcZTnaHQDMOR9FtA==",
      "dev": true,
      "license": "Apache-2.0",
      "dependencies": {
        "@typescript/old": "npm:typescript@6.0.3",
        "@typescript/typescript6": "6.0.2"
      },
      "bin": {
        "native": "bin/native.js"
      },
      "optionalDependencies": {
        "@native-sdk/cli-darwin-arm64": "0.7.2",
        "@native-sdk/cli-darwin-x64": "0.7.2",
        "@native-sdk/cli-linux-arm64-gnu": "0.7.2",
        "@native-sdk/cli-linux-arm64-musl": "0.7.2",
        "@native-sdk/cli-linux-x64-gnu": "0.7.2",
        "@native-sdk/cli-linux-x64-musl": "0.7.2",
        "@native-sdk/cli-win32-arm64": "0.7.2",
        "@native-sdk/cli-win32-x64": "0.7.2"
      }
    },
    "node_modules/@native-sdk/cli-darwin-arm64": {
      "version": "0.7.2",
      "resolved": "https://registry.npmjs.org/@native-sdk/cli-darwin-arm64/-/cli-darwin-arm64-0.7.2.tgz",
      "integrity": "sha512-vgeGghwO5KxFX8t3CvQu7XnhXElqeeGcIJzMS1DEOTKC8jAZd/jC2C4YHitei/z0P+QgDdQ9AHQ2mbXNx4sK7Q==",
      "cpu": [
        "arm64"
      ],
      "dev": true,
      "license": "Apache-2.0",
      "optional": true,
      "os": [
        "darwin"
      ]
    },
    "node_modules/@native-sdk/cli-darwin-x64": {
      "version": "0.7.2",
      "resolved": "https://registry.npmjs.org/@native-sdk/cli-darwin-x64/-/cli-darwin-x64-0.7.2.tgz",
      "integrity": "sha512-gP/X3wadCRpuCZi+vThGC9AIFyWFvI1RQ0TyqxSWnjOi+tpgtcNYNrtbIP17lBYDQS8obnShjxqK4cEH6CzZAA==",
      "cpu": [
        "x64"
      ],
      "dev": true,
      "license": "Apache-2.0",
      "optional": true,
      "os": [
        "darwin"
      ]
    },
    "node_modules/@native-sdk/cli-linux-arm64-gnu": {
      "version": "0.7.2",
      "resolved": "https://registry.npmjs.org/@native-sdk/cli-linux-arm64-gnu/-/cli-linux-arm64-gnu-0.7.2.tgz",
      "integrity": "sha512-MejionNUqNShSfIVa0druPtGRZTXRq57wH9v51ttB9PY2nWjWf31mCWozwnt8baeqFChZ48nGE/jAvB9QEk1Ug==",
      "cpu": [
        "arm64"
      ],
      "dev": true,
      "libc": [
        "glibc"
      ],
      "license": "Apache-2.0",
      "optional": true,
      "os": [
        "linux"
      ]
    },
    "node_modules/@native-sdk/cli-linux-arm64-musl": {
      "version": "0.7.2",
      "resolved": "https://registry.npmjs.org/@native-sdk/cli-linux-arm64-musl/-/cli-linux-arm64-musl-0.7.2.tgz",
      "integrity": "sha512-dyYyr0jBbum1sdOSF6crLVXrYk538PsdThd7BibKfq68KrlJu893j1icEG/C5u2MBlubOQh10LUHtqy+abCooA==",
      "cpu": [
        "arm64"
      ],
      "dev": true,
      "libc": [
        "musl"
      ],
      "license": "Apache-2.0",
      "optional": true,
      "os": [
        "linux"
      ]
    },
    "node_modules/@native-sdk/cli-linux-x64-gnu": {
      "version": "0.7.2",
      "resolved": "https://registry.npmjs.org/@native-sdk/cli-linux-x64-gnu/-/cli-linux-x64-gnu-0.7.2.tgz",
      "integrity": "sha512-CEDacI/Wli/a4SYqoQ2WnK9cQD14Em8rmBFUP0iOVRbXiRGAPhpHE4l4wKqq+gfLoVb3juoQignyD6VEsyGXEw==",
      "cpu": [
        "x64"
      ],
      "dev": true,
      "libc": [
        "glibc"
      ],
      "license": "Apache-2.0",
      "optional": true,
      "os": [
        "linux"
      ]
    },
    "node_modules/@native-sdk/cli-linux-x64-musl": {
      "version": "0.7.2",
      "resolved": "https://registry.npmjs.org/@native-sdk/cli-linux-x64-musl/-/cli-linux-x64-musl-0.7.2.tgz",
      "integrity": "sha512-xo3X2KGJu2+GnSBVSFMNBTzh2MWTA+dOAP5+KCbdGRenH8dBtUv8hNH8AG/4MD1r9WCUsFBz7OYklznSMUQcpQ==",
      "cpu": [
        "x64"
      ],
      "dev": true,
      "libc": [
        "musl"
      ],
      "license": "Apache-2.0",
      "optional": true,
      "os": [
        "linux"
      ]
    },
    "node_modules/@native-sdk/cli-win32-arm64": {
      "version": "0.7.2",
      "resolved": "https://registry.npmjs.org/@native-sdk/cli-win32-arm64/-/cli-win32-arm64-0.7.2.tgz",
      "integrity": "sha512-IKRTQjRawVl3jZEdZ++sTfwOCAdYIIM4uRRZPfPiKADoQCXPnb2ZYEOoCwWXJmA6yUX+BHaJeU0zJ3e66d2Z7Q==",
      "cpu": [
        "arm64"
      ],
      "dev": true,
      "license": "Apache-2.0",
      "optional": true,
      "os": [
        "win32"
      ]
    },
    "node_modules/@native-sdk/cli-win32-x64": {
      "version": "0.7.2",
      "resolved": "https://registry.npmjs.org/@native-sdk/cli-win32-x64/-/cli-win32-x64-0.7.2.tgz",
      "integrity": "sha512-Aor+SX+LcSjlSQKrvG9o5Su+nhmOdOibD1IkpMr1MdZRmoRWtb34WCizoN0Q8kyUPuUiCMg7iy20RIUmXG4Hrg==",
      "cpu": [
        "x64"
      ],
      "dev": true,
      "license": "Apache-2.0",
      "optional": true,
      "os": [
        "win32"
      ]
    },
    "node_modules/@typescript/old": {
      "name": "typescript",
      "version": "6.0.3",
      "resolved": "https://registry.npmjs.org/typescript/-/typescript-6.0.3.tgz",
      "integrity": "sha512-y2TvuxSZPDyQakkFRPZHKFm+KKVqIisdg9/CZwm9ftvKXLP8NRWj38/ODjNbr43SsoXqNuAisEf1GdCxqWcdBw==",
      "dev": true,
      "license": "Apache-2.0",
      "bin": {
        "tsc": "bin/tsc",
        "tsserver": "bin/tsserver"
      },
      "engines": {
        "node": ">=14.17"
      }
    },
    "node_modules/@typescript/typescript6": {
      "version": "6.0.2",
      "resolved": "https://registry.npmjs.org/@typescript/typescript6/-/typescript6-6.0.2.tgz",
      "integrity": "sha512-mbCddXd+jm7hfx7w2YU64/Av4/NqqeG3GoRZgxPcgoTxYjhrcfJRw9ULch71SS4G+Q3bOXFhRvPqjguN0Hyp5w==",
      "dev": true,
      "license": "Apache-2.0",
      "dependencies": {
        "@typescript/old": "npm:typescript@^6"
      },
      "bin": {
        "tsc6": "bin/tsc6"
      }
    }
  }
}
